[[tools."aqua:neovim/neovim"]]
version = "0.12.0"
backend = "aqua:neovim/neovim"
"platforms.linux-arm64" = { checksum = "sha256:89024e7be2ef3c8f08e9c002b1eb3e3b36672ee44bd6343cf2d168d38b3736b2", url = "https://github.com/neovim/neovim/releases/download/v0.12.0/nvim-linux-arm64.tar.gz"}
"platforms.linux-x64" = { checksum = "sha256:160b69125defb16e60b283b69be112fd4850d67ac8f9a752328c20ad43ec34af", url = "https://github.com/neovim/neovim/releases/download/v0.12.0/nvim-linux-x86_64.tar.gz"}
"platforms.macos-arm64" = { checksum = "sha256:cf0137d6961785c34926f879b7a5b5fa0371ab0d6e2959e390e2f00b46165ce9", url = "https://github.com/neovim/neovim/releases/download/v0.12.0/nvim-macos-arm64.tar.gz"}
"platforms.macos-x64" = { checksum = "sha256:309b3252a04bf8e4043389d3ea9bbb94e17becea2cde74f11f948b4775bbe3d4", url = "https://github.com/neovim/neovim/releases/download/v0.12.0/nvim-macos-x86_64.tar.gz"}

[[tools.bat]]
version = "0.26.1"
backend = "aqua:sharkdp/bat"
"platforms.linux-arm64" = { checksum = "sha256:6369242c584065f195fb20cb36fbd7cb63ae690605bbe89868a7596b596c2c23", url = "https://github.com/sharkdp/bat/releases/download/v0.26.1/bat-v0.26.1-aarch64-unknown-linux-musl.tar.gz"}
"platforms.linux-x64" = { checksum = "sha256:0dcd8ac79732c0d5b136f11f4ee00e581440e16a44eab5b3105b611bbf2cf191", url = "https://github.com/sharkdp/bat/releases/download/v0.26.1/bat-v0.26.1-x86_64-unknown-linux-musl.tar.gz"}
"platforms.macos-arm64" = { checksum = "sha256:e30beff26779c9bf60bb541e1d79046250cb74378f2757f8eb250afddb19e114", url = "https://github.com/sharkdp/bat/releases/download/v0.26.1/bat-v0.26.1-aarch64-apple-darwin.tar.gz"}
"platforms.macos-x64" = { checksum = "sha256:830d63b0bba1fa040542ec569e3cf77f60d3356b9de75116a344b061e0894245", url = "https://github.com/sharkdp/bat/releases/download/v0.26.1/bat-v0.26.1-x86_64-apple-darwin.tar.gz"}

[[tools.bat-extras]]
version = "2024.08.24"
backend = "aqua:eth-p/bat-extras"
"platforms.linux-arm64" = { url = "https://github.com/eth-p/bat-extras/releases/download/v2024.08.24/bat-extras-2024.08.24.zip"}
"platforms.linux-x64" = { checksum = "blake3:7981bdbfbef5c00fde58158e5f2e48bdf5e60da8286d5ed03ee7f01ab740a547", url = "https://github.com/eth-p/bat-extras/releases/download/v2024.08.24/bat-extras-2024.08.24.zip"}
"platforms.macos-arm64" = { url = "https://github.com/eth-p/bat-extras/releases/download/v2024.08.24/bat-extras-2024.08.24.zip"}
"platforms.macos-x64" = { url = "https://github.com/eth-p/bat-extras/releases/download/v2024.08.24/bat-extras-2024.08.24.zip"}

[[tools.delta]]
version = "0.18.2"
backend = "aqua:dandavison/delta"
"platforms.linux-arm64" = { url = "https://github.com/dandavison/delta/releases/download/0.18.2/delta-0.18.2-aarch64-unknown-linux-gnu.tar.gz"}
"platforms.linux-x64" = { checksum = "blake3:fdd1cd8e8d98a7f2bacc64c2fad07a048ede031be6cd03bde8922d8b8819db07", url = "https://github.com/dandavison/delta/releases/download/0.18.2/delta-0.18.2-x86_64-unknown-linux-musl.tar.gz"}
"platforms.macos-arm64" = { url = "https://github.com/dandavison/delta/releases/download/0.18.2/delta-0.18.2-aarch64-apple-darwin.tar.gz"}
"platforms.macos-x64" = { url = "https://github.com/dandavison/delta/releases/download/0.18.2/delta-0.18.2-x86_64-apple-darwin.tar.gz"}

[[tools.eza]]
version = "0.23.4"
backend = "asdf:eza"

[[tools.fd]]
version = "10.3.0"
backend = "aqua:sharkdp/fd"
"platforms.linux-arm64" = { checksum = "sha256:996b9b1366433b211cb3bbedba91c9dbce2431842144d925428ead0adf32020b", url = "https://github.com/sharkdp/fd/releases/download/v10.3.0/fd-v10.3.0-aarch64-unknown-linux-musl.tar.gz"}
"platforms.linux-x64" = { checksum = "sha256:2b6bfaae8c48f12050813c2ffe1884c61ea26e750d803df9c9114550a314cd14", url = "https://github.com/sharkdp/fd/releases/download/v10.3.0/fd-v10.3.0-x86_64-unknown-linux-musl.tar.gz"}
"platforms.macos-arm64" = { checksum = "sha256:0570263812089120bc2a5d84f9e65cd0c25e4a4d724c80075c357239c74ae904", url = "https://github.com/sharkdp/fd/releases/download/v10.3.0/fd-v10.3.0-aarch64-apple-darwin.tar.gz"}
"platforms.macos-x64" = { checksum = "sha256:50d30f13fe3d5914b14c4fff5abcbd4d0cdab4b855970a6956f4f006c17117a3", url = "https://github.com/sharkdp/fd/releases/download/v10.3.0/fd-v10.3.0-x86_64-apple-darwin.tar.gz"}

[[tools.fzf]]
version = "0.70.0"
backend = "aqua:junegunn/fzf"
"platforms.linux-arm64" = { checksum = "sha256:90a07a13b61f56dd59ccfd0f0bf05070e9cec067713d313fa2607aab2dc0e422", url = "https://github.com/junegunn/fzf/releases/download/v0.70.0/fzf-0.70.0-linux_arm64.tar.gz"}
"platforms.linux-x64" = { checksum = "sha256:8fd0e0b93bdf64ba90081ffb6658d77ea5a024c122b36852b1de30f9d2733754", url = "https://github.com/junegunn/fzf/releases/download/v0.70.0/fzf-0.70.0-linux_amd64.tar.gz"}
"platforms.macos-arm64" = { checksum = "sha256:75f4905c2e3d00666d81dffdd001bb2a9a8e0ad4e4ac8cecfc17a7401b99e6e4", url = "https://github.com/junegunn/fzf/releases/download/v0.70.0/fzf-0.70.0-darwin_arm64.tar.gz"}
"platforms.macos-x64" = { checksum = "sha256:46af74cfeb171c5e2eb936096a653061a0de0f5aeb70319bf9935d8d193e078f", url = "https://github.com/junegunn/fzf/releases/download/v0.70.0/fzf-0.70.0-darwin_amd64.tar.gz"}

[[tools.jqp]]
version = "0.8.0"
backend = "aqua:noahgorstein/jqp"
"platforms.linux-arm64" = { checksum = "sha256:178a3d5ad64aefcabb0cf69435b70b23b13618ea71b829148223179b80ac101b", url = "https://github.com/noahgorstein/jqp/releases/download/v0.8.0/jqp_Linux_arm64.tar.gz"}
"platforms.linux-x64" = { checksum = "sha256:66b2a100ff114a8bbe45a8e6052269fb2f4c61de4edd5ea57b763bf2ec7c6593", url = "https://github.com/noahgorstein/jqp/releases/download/v0.8.0/jqp_Linux_x86_64.tar.gz"}
"platforms.macos-arm64" = { checksum = "sha256:aa53c1fa492c3cd26258391c312a152a0768b578b7ac0074ffb1daf0b3d6046d", url = "https://github.com/noahgorstein/jqp/releases/download/v0.8.0/jqp_Darwin_arm64.tar.gz"}
"platforms.macos-x64" = { checksum = "sha256:8af39481eb9ccc2c69665bb89b8ee8fa3558acbc58f65be293832e69dc865c99", url = "https://github.com/noahgorstein/jqp/releases/download/v0.8.0/jqp_Darwin_x86_64.tar.gz"}

[[tools.lazygit]]
version = "0.60.0"
backend = "aqua:jesseduffield/lazygit"
"platforms.linux-arm64" = { checksum = "sha256:2c699579165416eede4d2cfaf7d76ccd8f3b20f20f2e8b4abff6b5a6350fcdd7", url = "https://github.com/jesseduffield/lazygit/releases/download/v0.60.0/lazygit_0.60.0_linux_arm64.tar.gz"}
"platforms.linux-x64" = { checksum = "sha256:6252ca6cf98bc4fd3e0d927b54225910cfa57b065d0ad88263f14592f7f9ab15", url = "https://github.com/jesseduffield/lazygit/releases/download/v0.60.0/lazygit_0.60.0_linux_x86_64.tar.gz"}
"platforms.macos-arm64" = { checksum = "sha256:5045f0ff2117f12cb5232d65e01c054eb9ea6b8e2f0f0b80e99fbaa589b581b9", url = "https://github.com/jesseduffield/lazygit/releases/download/v0.60.0/lazygit_0.60.0_darwin_arm64.tar.gz"}
"platforms.macos-x64" = { checksum = "sha256:9210a8bd8bf18537f9d7747361c8eba62518e10e4d5fbfe915cf110635eaab78", url = "https://github.com/jesseduffield/lazygit/releases/download/v0.60.0/lazygit_0.60.0_darwin_x86_64.tar.gz"}

[[tools.ripgrep]]
version = "15.1.0"
backend = "aqua:BurntSushi/ripgrep"
"platforms.linux-arm64" = { checksum = "sha256:2b661c6ef508e902f388e9098d9c4c5aca72c87b55922d94abdba830b4dc885e", url = "https://github.com/BurntSushi/ripgrep/releases/download/15.1.0/ripgrep-15.1.0-aarch64-unknown-linux-gnu.tar.gz"}
"platforms.linux-x64" = { checksum = "sha256:1c9297be4a084eea7ecaedf93eb03d058d6faae29bbc57ecdaf5063921491599", url = "https://github.com/BurntSushi/ripgrep/releases/download/15.1.0/ripgrep-15.1.0-x86_64-unknown-linux-musl.tar.gz"}
"platforms.macos-arm64" = { checksum = "sha256:378e973289176ca0c6054054ee7f631a065874a352bf43f0fa60ef079b6ba715", url = "https://github.com/BurntSushi/ripgrep/releases/download/15.1.0/ripgrep-15.1.0-aarch64-apple-darwin.tar.gz"}
"platforms.macos-x64" = { checksum = "sha256:64811cb24e77cac3057d6c40b63ac9becf9082eedd54ca411b475b755d334882", url = "https://github.com/BurntSushi/ripgrep/releases/download/15.1.0/ripgrep-15.1.0-x86_64-apple-darwin.tar.gz"}

[[tools.starship]]
version = "1.24.2"
backend = "aqua:starship/starship"
"platforms.linux-arm64" = { checksum = "sha256:56b9ff412bbf374d29b99e5ac09a849124cb37a0a13121e8470df32de53c1ea6", url = "https://github.com/starship/starship/releases/download/v1.24.2/starship-aarch64-unknown-linux-musl.tar.gz"}
"platforms.linux-x64" = { checksum = "sha256:00ff3c1f8ffb59b5c15d4b44c076bcca04d92cf0055c86b916248c14f3ae714a", url = "https://github.com/starship/starship/releases/download/v1.24.2/starship-x86_64-unknown-linux-musl.tar.gz"}
"platforms.macos-arm64" = { checksum = "sha256:d3a0da21374962625a2ee992110979bc1fa33424d7b6aea58a70405e26544fd9", url = "https://github.com/starship/starship/releases/download/v1.24.2/starship-aarch64-apple-darwin.tar.gz"}
"platforms.macos-x64" = { checksum = "sha256:237beb10cc970c4361536e9f9f434dfed755f8282c5cd951b6a7e3fcbda8e779", url = "https://github.com/starship/starship/releases/download/v1.24.2/starship-x86_64-apple-darwin.tar.gz"}

[[tools.xh]]
version = "0.25.3"
backend = "aqua:ducaale/xh"
"platforms.linux-arm64" = { checksum = "sha256:042f504048281e0042d99230750ee0a314d0a7273c4398d62a66896478b53a86", url = "https://github.com/ducaale/xh/releases/download/v0.25.3/xh-v0.25.3-aarch64-unknown-linux-musl.tar.gz"}
"platforms.linux-x64" = { checksum = "sha256:fc738e616b327e7a10256e206c78073bfeed95d73af6ba9ced4c5eb20ac8d717", url = "https://github.com/ducaale/xh/releases/download/v0.25.3/xh-v0.25.3-x86_64-unknown-linux-musl.tar.gz"}
"platforms.macos-arm64" = { checksum = "sha256:3886af1df744a44f6f8da37d51e3f733c14b35aeb3f46828ee528970ad708951", url = "https://github.com/ducaale/xh/releases/download/v0.25.3/xh-v0.25.3-aarch64-apple-darwin.tar.gz"}
"platforms.macos-x64" = { checksum = "sha256:ef0bd8fe2752abd84202d0b0ac5d4943712ce3c464d70a679b140ca2a0a475cf", url = "https://github.com/ducaale/xh/releases/download/v0.25.3/xh-v0.25.3-x86_64-apple-darwin.tar.gz"}

[[tools.yq]]
version = "4.52.5"
backend = "aqua:mikefarah/yq"
"platforms.linux-arm64" = { checksum = "sha256:90fa510c50ee8ca75544dbfffed10c88ed59b36834df35916520cddc623d9aaa", url = "https://github.com/mikefarah/yq/releases/download/v4.52.5/yq_linux_arm64"}
"platforms.linux-x64" = { checksum = "sha256:75d893a0d5940d1019cb7cdc60001d9e876623852c31cfc6267047bc31149fa9", url = "https://github.com/mikefarah/yq/releases/download/v4.52.5/yq_linux_amd64"}
"platforms.macos-arm64" = { checksum = "sha256:45a12e64d4bd8a31c72ee1b889e81f1b1110e801baad3d6f030c111db0068de0", url = "https://github.com/mikefarah/yq/releases/download/v4.52.5/yq_darwin_arm64"}
"platforms.macos-x64" = { checksum = "sha256:6e399d1eb466860c3202d231727197fdce055888c5c7bec6964156983dd1559d", url = "https://github.com/mikefarah/yq/releases/download/v4.52.5/yq_darwin_amd64"}
