[[tools.bat]]
version = "0.26.1"
backend = "aqua:sharkdp/bat"
"platforms.linux-arm64" = { checksum = "sha256:6369242c584065f195fb20cb36fbd7cb63ae690605bbe89868a7596b596c2c23", url = "https://github.com/sharkdp/bat/releases/download/v0.26.1/bat-v0.26.1-aarch64-unknown-linux-musl.tar.gz"}
"platforms.linux-x64" = { checksum = "sha256:0dcd8ac79732c0d5b136f11f4ee00e581440e16a44eab5b3105b611bbf2cf191", url = "https://github.com/sharkdp/bat/releases/download/v0.26.1/bat-v0.26.1-x86_64-unknown-linux-musl.tar.gz"}
"platforms.macos-arm64" = { checksum = "sha256:e30beff26779c9bf60bb541e1d79046250cb74378f2757f8eb250afddb19e114", url = "https://github.com/sharkdp/bat/releases/download/v0.26.1/bat-v0.26.1-aarch64-apple-darwin.tar.gz"}
"platforms.macos-x64" = { checksum = "sha256:830d63b0bba1fa040542ec569e3cf77f60d3356b9de75116a344b061e0894245", url = "https://github.com/sharkdp/bat/releases/download/v0.26.1/bat-v0.26.1-x86_64-apple-darwin.tar.gz"}

[[tools.bat-extras]]
version = "2024.08.24"
backend = "aqua:eth-p/bat-extras"
"platforms.linux-arm64" = { url = "https://github.com/eth-p/bat-extras/releases/download/v2024.08.24/bat-extras-2024.08.24.zip"}
"platforms.linux-x64" = { checksum = "blake3:7981bdbfbef5c00fde58158e5f2e48bdf5e60da8286d5ed03ee7f01ab740a547", url = "https://github.com/eth-p/bat-extras/releases/download/v2024.08.24/bat-extras-2024.08.24.zip"}
"platforms.macos-arm64" = { url = "https://github.com/eth-p/bat-extras/releases/download/v2024.08.24/bat-extras-2024.08.24.zip"}
"platforms.macos-x64" = { url = "https://github.com/eth-p/bat-extras/releases/download/v2024.08.24/bat-extras-2024.08.24.zip"}

[[tools.bun]]
version = "1.3.6"
backend = "core:bun"
"platforms.linux-arm64" = { checksum = "sha256:5afd12b366ba2d8297245cc29c039416334dd872152c1db02e5c8aa8c66e96b1", url = "https://github.com/oven-sh/bun/releases/download/bun-v1.3.6/bun-linux-aarch64.zip"}
"platforms.linux-arm64-musl" = { checksum = "sha256:21af5d4c276dc4a0a3bbd3893a83994fa9de916b6807f8af9aff43d6193e579d", url = "https://github.com/oven-sh/bun/releases/download/bun-v1.3.6/bun-linux-aarch64-musl.zip"}
"platforms.linux-x64" = { checksum = "sha256:9ba98d2134550d6690875b23a4f5c48e74b7cb267e8cc1b8f52605921c6c11ef", url = "https://github.com/oven-sh/bun/releases/download/bun-v1.3.6/bun-linux-x64.zip"}
"platforms.linux-x64-baseline" = { checksum = "sha256:1954abee08900de610a8b4692f5fffa6c6b15d8afde7d1de4d3f88cfc60e7d5f", url = "https://github.com/oven-sh/bun/releases/download/bun-v1.3.6/bun-linux-x64-baseline.zip"}
"platforms.linux-x64-musl" = { checksum = "sha256:b13061f7e2ef5896fff95d849213a9628e9d89036cb7a23837c6dbba8844f636", url = "https://github.com/oven-sh/bun/releases/download/bun-v1.3.6/bun-linux-x64-musl.zip"}
"platforms.linux-x64-musl-baseline" = { checksum = "sha256:36638b6943d5d29cd6a1e148ffc1f43417a690f44101b3fc083bd11eba418d12", url = "https://github.com/oven-sh/bun/releases/download/bun-v1.3.6/bun-linux-x64-musl-baseline.zip"}
"platforms.macos-arm64" = { checksum = "sha256:2af1ec8437759ab05b3b0ea421fe9e22e6c705cb4cb0751c326982642dace8fa", url = "https://github.com/oven-sh/bun/releases/download/bun-v1.3.6/bun-darwin-aarch64.zip"}
"platforms.macos-x64" = { checksum = "sha256:83ef84c2a9d25dfef6ba0b31be3d8a09952ef311c71feca4488a628e96c26706", url = "https://github.com/oven-sh/bun/releases/download/bun-v1.3.6/bun-darwin-x64.zip"}
"platforms.macos-x64-baseline" = { checksum = "sha256:b2d8994d4cf70641366d69b87420b805d1d984f4ea7e16a352df156949474fa5", url = "https://github.com/oven-sh/bun/releases/download/bun-v1.3.6/bun-darwin-x64-baseline.zip"}

[[tools.claude]]
version = "2.1.11"
backend = "npm:@anthropic-ai/claude-code"

[[tools.delta]]
version = "0.18.2"
backend = "aqua:dandavison/delta"
"platforms.linux-arm64" = { url = "https://github.com/dandavison/delta/releases/download/0.18.2/delta-0.18.2-aarch64-unknown-linux-gnu.tar.gz"}
"platforms.linux-x64" = { checksum = "blake3:fdd1cd8e8d98a7f2bacc64c2fad07a048ede031be6cd03bde8922d8b8819db07", url = "https://github.com/dandavison/delta/releases/download/0.18.2/delta-0.18.2-x86_64-unknown-linux-musl.tar.gz"}
"platforms.macos-arm64" = { url = "https://github.com/dandavison/delta/releases/download/0.18.2/delta-0.18.2-aarch64-apple-darwin.tar.gz"}
"platforms.macos-x64" = { url = "https://github.com/dandavison/delta/releases/download/0.18.2/delta-0.18.2-x86_64-apple-darwin.tar.gz"}

[[tools.eza]]
version = "0.23.4"
backend = "asdf:eza"

[[tools.fd]]
version = "10.3.0"
backend = "aqua:sharkdp/fd"
"platforms.linux-arm64" = { checksum = "sha256:996b9b1366433b211cb3bbedba91c9dbce2431842144d925428ead0adf32020b", url = "https://github.com/sharkdp/fd/releases/download/v10.3.0/fd-v10.3.0-aarch64-unknown-linux-musl.tar.gz"}
"platforms.linux-x64" = { checksum = "sha256:2b6bfaae8c48f12050813c2ffe1884c61ea26e750d803df9c9114550a314cd14", url = "https://github.com/sharkdp/fd/releases/download/v10.3.0/fd-v10.3.0-x86_64-unknown-linux-musl.tar.gz"}
"platforms.macos-arm64" = { checksum = "sha256:0570263812089120bc2a5d84f9e65cd0c25e4a4d724c80075c357239c74ae904", url = "https://github.com/sharkdp/fd/releases/download/v10.3.0/fd-v10.3.0-aarch64-apple-darwin.tar.gz"}
"platforms.macos-x64" = { checksum = "sha256:50d30f13fe3d5914b14c4fff5abcbd4d0cdab4b855970a6956f4f006c17117a3", url = "https://github.com/sharkdp/fd/releases/download/v10.3.0/fd-v10.3.0-x86_64-apple-darwin.tar.gz"}

[[tools.fzf]]
version = "0.67.0"
backend = "aqua:junegunn/fzf"
"platforms.linux-arm64" = { checksum = "sha256:7071f48c2ac0f2bc992d6d33cc36fd675a579a98cc976dda699eea07dd5e9c58", url = "https://github.com/junegunn/fzf/releases/download/v0.67.0/fzf-0.67.0-linux_arm64.tar.gz"}
"platforms.linux-x64" = { checksum = "sha256:4be08018ca37b32518c608741933ea335a406de3558242b60619e98f25be2be1", url = "https://github.com/junegunn/fzf/releases/download/v0.67.0/fzf-0.67.0-linux_amd64.tar.gz"}
"platforms.macos-arm64" = { checksum = "sha256:b7f34c964d8e52c471c933cef8ec43dc71997c266cafafd1b013bed10fc229a1", url = "https://github.com/junegunn/fzf/releases/download/v0.67.0/fzf-0.67.0-darwin_arm64.tar.gz"}
"platforms.macos-x64" = { checksum = "sha256:88dc853e0914793a2e7be0d1acfe6c922d9ccad08e3302df092399775b0279ff", url = "https://github.com/junegunn/fzf/releases/download/v0.67.0/fzf-0.67.0-darwin_amd64.tar.gz"}

[[tools.gh]]
version = "2.85.0"
backend = "aqua:cli/cli"
"platforms.linux-arm64" = { checksum = "sha256:c554878f62506c88464ef94474322d899dfb30468bb234f23e2355e8e1613cb2", url = "https://github.com/cli/cli/releases/download/v2.85.0/gh_2.85.0_linux_arm64.tar.gz"}
"platforms.linux-x64" = { checksum = "sha256:5dcc4e282b9c22c0d31c217805976448c966cfc56c20157c78385a8a62c93cf0", url = "https://github.com/cli/cli/releases/download/v2.85.0/gh_2.85.0_linux_amd64.tar.gz"}
"platforms.macos-arm64" = { checksum = "sha256:3d6999b85fa1e63aadec49b65986280578e8094c394a3776c24c789f0cc73cef", url = "https://github.com/cli/cli/releases/download/v2.85.0/gh_2.85.0_macOS_arm64.zip"}
"platforms.macos-x64" = { checksum = "sha256:e58bdb7da9cf4c5254f6b847198d18af7c07c486c2a3af94ad957a48c1051c1c", url = "https://github.com/cli/cli/releases/download/v2.85.0/gh_2.85.0_macOS_amd64.zip"}

[[tools.jj]]
version = "0.37.0"
backend = "aqua:jj-vcs/jj"
"platforms.linux-arm64" = { checksum = "sha256:f42164567abbcc0b13354eeb1ecd11f4245d7dce4de849bf794a4d5e1b615c62", url = "https://github.com/jj-vcs/jj/releases/download/v0.37.0/jj-v0.37.0-aarch64-unknown-linux-musl.tar.gz"}
"platforms.linux-x64" = { checksum = "sha256:7fd8e28d65106768054becbc1e0b929bed7c4c963d598f9f9a629bfa92eb7171", url = "https://github.com/jj-vcs/jj/releases/download/v0.37.0/jj-v0.37.0-x86_64-unknown-linux-musl.tar.gz"}
"platforms.macos-arm64" = { checksum = "sha256:e42bc72d8b67843555ae0a362a4432c1cc98cc3850a25bcd90599c3c4a6911bd", url = "https://github.com/jj-vcs/jj/releases/download/v0.37.0/jj-v0.37.0-aarch64-apple-darwin.tar.gz"}
"platforms.macos-x64" = { checksum = "sha256:ac1cd91eebc7434a32f513974cecb3f21390e9478ba08a2f9815febf28b6dd7d", url = "https://github.com/jj-vcs/jj/releases/download/v0.37.0/jj-v0.37.0-x86_64-apple-darwin.tar.gz"}

[[tools.jqp]]
version = "0.8.0"
backend = "aqua:noahgorstein/jqp"
"platforms.linux-arm64" = { checksum = "sha256:178a3d5ad64aefcabb0cf69435b70b23b13618ea71b829148223179b80ac101b", url = "https://github.com/noahgorstein/jqp/releases/download/v0.8.0/jqp_Linux_arm64.tar.gz"}
"platforms.linux-x64" = { checksum = "sha256:66b2a100ff114a8bbe45a8e6052269fb2f4c61de4edd5ea57b763bf2ec7c6593", url = "https://github.com/noahgorstein/jqp/releases/download/v0.8.0/jqp_Linux_x86_64.tar.gz"}
"platforms.macos-arm64" = { checksum = "sha256:aa53c1fa492c3cd26258391c312a152a0768b578b7ac0074ffb1daf0b3d6046d", url = "https://github.com/noahgorstein/jqp/releases/download/v0.8.0/jqp_Darwin_arm64.tar.gz"}
"platforms.macos-x64" = { checksum = "sha256:8af39481eb9ccc2c69665bb89b8ee8fa3558acbc58f65be293832e69dc865c99", url = "https://github.com/noahgorstein/jqp/releases/download/v0.8.0/jqp_Darwin_x86_64.tar.gz"}

[[tools.lazygit]]
version = "0.58.1"
backend = "aqua:jesseduffield/lazygit"
"platforms.linux-arm64" = { checksum = "sha256:c0571542a3df894748afc8820fcd2ac16df0970df2ddb429280dfef47b1f2d1e", url = "https://github.com/jesseduffield/lazygit/releases/download/v0.58.1/lazygit_0.58.1_linux_arm64.tar.gz"}
"platforms.linux-x64" = { checksum = "sha256:61b6b839390c193466fb692f75df4e75ef5e9ced2bf5e0ca8b3848902f0adea9", url = "https://github.com/jesseduffield/lazygit/releases/download/v0.58.1/lazygit_0.58.1_linux_x86_64.tar.gz"}
"platforms.macos-arm64" = { checksum = "sha256:d93a8a217a51f26d0a643a97bd31e3fabcb2e3a78cdbf1f1e533b9cd8bc881ce", url = "https://github.com/jesseduffield/lazygit/releases/download/v0.58.1/lazygit_0.58.1_darwin_arm64.tar.gz"}
"platforms.macos-x64" = { checksum = "sha256:9f824298c8dbb3efaf6bf93a2e3be8a31fd53213bd3e759b7bd49d7bc7f8e3d0", url = "https://github.com/jesseduffield/lazygit/releases/download/v0.58.1/lazygit_0.58.1_darwin_x86_64.tar.gz"}

[[tools.nasm]]
version = "0.99.05"
backend = "asdf:nasm"

[[tools.neovim]]
version = "0.11.5"
backend = "aqua:neovim/neovim"
"platforms.linux-arm64" = { checksum = "sha256:ea4f9a31b11cc1477ff014aebb7b207684e7280f94ffa97abdab6cacd9b98519", url = "https://github.com/neovim/neovim/releases/download/v0.11.5/nvim-linux-arm64.tar.gz"}
"platforms.linux-x64" = { checksum = "sha256:b2f91117be5b5ea39edd7297156dc2a4a8df4add6c95a90809a8df19e7ab6f52", url = "https://github.com/neovim/neovim/releases/download/v0.11.5/nvim-linux-x86_64.tar.gz"}
"platforms.macos-arm64" = { checksum = "sha256:79143d3b408f7034f90b7cf59af2276de09ef8a4c2f1a28e4c99581b249d3107", url = "https://github.com/neovim/neovim/releases/download/v0.11.5/nvim-macos-arm64.tar.gz"}
"platforms.macos-x64" = { checksum = "sha256:6612760a7037ca2518e456908baf5e43101fa79819d18979fc4d4e8441d9dfa5", url = "https://github.com/neovim/neovim/releases/download/v0.11.5/nvim-macos-x86_64.tar.gz"}

[[tools.node]]
version = "22.22.0"
backend = "core:node"
"platforms.linux-arm64" = { checksum = "sha256:25ba95dfb96871fa2ef977f11f95ea90818c8fa15c0f2110771db08d4ba423be", url = "https://nodejs.org/dist/v22.22.0/node-v22.22.0-linux-arm64.tar.gz"}
"platforms.linux-x64" = { checksum = "sha256:c33c39ed9c80deddde77c960d00119918b9e352426fd604ba41638d6526a4744", url = "https://nodejs.org/dist/v22.22.0/node-v22.22.0-linux-x64.tar.gz"}
"platforms.macos-arm64" = { checksum = "sha256:5ed4db0fcf1eaf84d91ad12462631d73bf4576c1377e192d222e48026a902640", url = "https://nodejs.org/dist/v22.22.0/node-v22.22.0-darwin-arm64.tar.gz"}
"platforms.macos-x64" = { checksum = "sha256:5ea50c9d6dea3dfa3abb66b2656f7a4e1c8cef23432b558d45fb538c7b5dedce", url = "https://nodejs.org/dist/v22.22.0/node-v22.22.0-darwin-x64.tar.gz"}

[[tools.python]]
version = "3.14.2"
backend = "core:python"

[[tools.ripgrep]]
version = "15.1.0"
backend = "aqua:BurntSushi/ripgrep"
"platforms.linux-arm64" = { checksum = "sha256:2b661c6ef508e902f388e9098d9c4c5aca72c87b55922d94abdba830b4dc885e", url = "https://github.com/BurntSushi/ripgrep/releases/download/15.1.0/ripgrep-15.1.0-aarch64-unknown-linux-gnu.tar.gz"}
"platforms.linux-x64" = { checksum = "sha256:1c9297be4a084eea7ecaedf93eb03d058d6faae29bbc57ecdaf5063921491599", url = "https://github.com/BurntSushi/ripgrep/releases/download/15.1.0/ripgrep-15.1.0-x86_64-unknown-linux-musl.tar.gz"}
"platforms.macos-arm64" = { checksum = "sha256:378e973289176ca0c6054054ee7f631a065874a352bf43f0fa60ef079b6ba715", url = "https://github.com/BurntSushi/ripgrep/releases/download/15.1.0/ripgrep-15.1.0-aarch64-apple-darwin.tar.gz"}
"platforms.macos-x64" = { checksum = "sha256:64811cb24e77cac3057d6c40b63ac9becf9082eedd54ca411b475b755d334882", url = "https://github.com/BurntSushi/ripgrep/releases/download/15.1.0/ripgrep-15.1.0-x86_64-apple-darwin.tar.gz"}

[[tools.starship]]
version = "1.24.2"
backend = "aqua:starship/starship"
"platforms.linux-arm64" = { checksum = "sha256:56b9ff412bbf374d29b99e5ac09a849124cb37a0a13121e8470df32de53c1ea6", url = "https://github.com/starship/starship/releases/download/v1.24.2/starship-aarch64-unknown-linux-musl.tar.gz"}
"platforms.linux-x64" = { checksum = "sha256:00ff3c1f8ffb59b5c15d4b44c076bcca04d92cf0055c86b916248c14f3ae714a", url = "https://github.com/starship/starship/releases/download/v1.24.2/starship-x86_64-unknown-linux-musl.tar.gz"}
"platforms.macos-arm64" = { checksum = "sha256:d3a0da21374962625a2ee992110979bc1fa33424d7b6aea58a70405e26544fd9", url = "https://github.com/starship/starship/releases/download/v1.24.2/starship-aarch64-apple-darwin.tar.gz"}
"platforms.macos-x64" = { checksum = "sha256:237beb10cc970c4361536e9f9f434dfed755f8282c5cd951b6a7e3fcbda8e779", url = "https://github.com/starship/starship/releases/download/v1.24.2/starship-x86_64-apple-darwin.tar.gz"}

[[tools.terraform]]
version = "1.14.3"
backend = "aqua:hashicorp/terraform"
"platforms.linux-arm64" = { checksum = "sha256:fb5b004070e5e438214a74ddca321c22246f799e5cbe1ee9df582528e953f8cc", url = "https://releases.hashicorp.com/terraform/1.14.3/terraform_1.14.3_linux_arm64.zip"}
"platforms.linux-x64" = { checksum = "sha256:178b2a602251bb68b94732aceca2cc1023d87597cb83dba92cab31b6689edb4d", url = "https://releases.hashicorp.com/terraform/1.14.3/terraform_1.14.3_linux_amd64.zip"}
"platforms.macos-arm64" = { checksum = "sha256:c45e74c19f38ec7fcb55f74b9788a75a2cbb07da45343b197ae4a41637e571b6", url = "https://releases.hashicorp.com/terraform/1.14.3/terraform_1.14.3_darwin_arm64.zip"}
"platforms.macos-x64" = { checksum = "sha256:f88d0c3ff98add0e0288bfc1fe59df15e7fb0302bddef6a7367f734ef213cd02", url = "https://releases.hashicorp.com/terraform/1.14.3/terraform_1.14.3_darwin_amd64.zip"}

[[tools.uv]]
version = "0.9.26"
backend = "aqua:astral-sh/uv"
"platforms.linux-arm64" = { checksum = "sha256:ba8698c36c00c22efed4bd3506339b03c95604d001f02eaf6fbc814c9224d801", url = "https://github.com/astral-sh/uv/releases/download/0.9.26/uv-aarch64-unknown-linux-musl.tar.gz"}
"platforms.linux-x64" = { checksum = "sha256:708b752876aeeb753257e1d55470569789e465684c1d3bc1760db26360b6c28b", url = "https://github.com/astral-sh/uv/releases/download/0.9.26/uv-x86_64-unknown-linux-musl.tar.gz"}
"platforms.macos-arm64" = { checksum = "sha256:fcf0a9ea6599c6ae28a4c854ac6da76f2c889354d7c36ce136ef071f7ab9721f", url = "https://github.com/astral-sh/uv/releases/download/0.9.26/uv-aarch64-apple-darwin.tar.gz"}
"platforms.macos-x64" = { checksum = "sha256:171eb8c518313e157c5b4cec7b4f743bc6bab1bd23e09b646679a02d096a047f", url = "https://github.com/astral-sh/uv/releases/download/0.9.26/uv-x86_64-apple-darwin.tar.gz"}

[[tools.xh]]
version = "0.25.3"
backend = "aqua:ducaale/xh"
"platforms.linux-arm64" = { checksum = "sha256:042f504048281e0042d99230750ee0a314d0a7273c4398d62a66896478b53a86", url = "https://github.com/ducaale/xh/releases/download/v0.25.3/xh-v0.25.3-aarch64-unknown-linux-musl.tar.gz"}
"platforms.linux-x64" = { checksum = "sha256:fc738e616b327e7a10256e206c78073bfeed95d73af6ba9ced4c5eb20ac8d717", url = "https://github.com/ducaale/xh/releases/download/v0.25.3/xh-v0.25.3-x86_64-unknown-linux-musl.tar.gz"}
"platforms.macos-arm64" = { checksum = "sha256:3886af1df744a44f6f8da37d51e3f733c14b35aeb3f46828ee528970ad708951", url = "https://github.com/ducaale/xh/releases/download/v0.25.3/xh-v0.25.3-aarch64-apple-darwin.tar.gz"}
"platforms.macos-x64" = { checksum = "sha256:ef0bd8fe2752abd84202d0b0ac5d4943712ce3c464d70a679b140ca2a0a475cf", url = "https://github.com/ducaale/xh/releases/download/v0.25.3/xh-v0.25.3-x86_64-apple-darwin.tar.gz"}

[[tools.yq]]
version = "4.50.1"
backend = "aqua:mikefarah/yq"
"platforms.linux-arm64" = { checksum = "sha256:cf0a663d8e4e00bb61507c5237b95b45a6aaa1fbedac77f4dc8abdadd5e2b745", url = "https://github.com/mikefarah/yq/releases/download/v4.50.1/yq_linux_arm64"}
"platforms.linux-x64" = { checksum = "sha256:c7a1278e6bbc4924f41b56db838086c39d13ee25dcb22089e7fbf16ac901f0d4", url = "https://github.com/mikefarah/yq/releases/download/v4.50.1/yq_linux_amd64"}
"platforms.macos-arm64" = { checksum = "sha256:589cd3e27b2a0ae62fc4513c7d18db56203aaf88bf7c480f0cb3d4f4d0ac5514", url = "https://github.com/mikefarah/yq/releases/download/v4.50.1/yq_darwin_arm64"}
"platforms.macos-x64" = { checksum = "sha256:6c24724c203f8ef0afaa4584d8b7baa150fec7f6d8a493efa49b80f620174119", url = "https://github.com/mikefarah/yq/releases/download/v4.50.1/yq_darwin_amd64"}
